
Microsoft Visual Studio Solution File, Format Version 12.00
# Visual Studio Version 17
VisualStudioVersion = 17.0.31903.59
MinimumVisualStudioVersion = 10.0.40219.1
Project("{9A19103F-16F7-4668-BE54-9A1E7A4F7556}") = "CodePilot.Api", "CodePilot.Api\CodePilot.Api.csproj", "{DE018D50-1019-413D-9650-95E9359398B6}"
EndProject
Project("{9A19103F-16F7-4668-BE54-9A1E7A4F7556}") = "CodePilot.Services", "CodePilot.Services\CodePilot.Services.csproj", "{3B49B9EF-D873-4266-BD4A-16F078E7221A}"
EndProject
Project("{9A19103F-16F7-4668-BE54-9A1E7A4F7556}") = "CodePilot.Data", "CodePilot.Data\CodePilot.Data.csproj", "{7E64322E-9B9B-48A6-9CB2-609CA66BC140}"
EndProject
Project("{2150E333-8FDC-42A3-9474-1A3956D46DE8}") = "Solution Items", "Solution Items", "{9326308B-1FDE-469A-BC54-3D7603BB84F7}"
	ProjectSection(SolutionItems) = preProject
		.editorconfig = .editorconfig
	EndProjectSection
EndProject
Project("{FAE04EC0-301F-11D3-BF4B-00C04F79EFBC}") = "CodePilot.CORE", "CodePilot.CORE\CodePilot.CORE.csproj", "{E9B5E704-A4F5-4F88-9202-CC9F32C21D1F}"
EndProject
Global
	GlobalSection(SolutionConfigurationPlatforms) = preSolution
		Debug|Any CPU = Debug|Any CPU
		Release|Any CPU = Release|Any CPU
	EndGlobalSection
	GlobalSection(ProjectConfigurationPlatforms) = postSolution
		{DE018D50-1019-413D-9650-95E9359398B6}.Debug|Any CPU.ActiveCfg = Debug|Any CPU
		{DE018D50-1019-413D-9650-95E9359398B6}.Debug|Any CPU.Build.0 = Debug|Any CPU
		{DE018D50-1019-413D-9650-95E9359398B6}.Release|Any CPU.ActiveCfg = Release|Any CPU
		{DE018D50-1019-413D-9650-95E9359398B6}.Release|Any CPU.Build.0 = Release|Any CPU
		{3B49B9EF-D873-4266-BD4A-16F078E7221A}.Debug|Any CPU.ActiveCfg = Debug|Any CPU
		{3B49B9EF-D873-4266-BD4A-16F078E7221A}.Debug|Any CPU.Build.0 = Debug|Any CPU
		{3B49B9EF-D873-4266-BD4A-16F078E7221A}.Release|Any CPU.ActiveCfg = Release|Any CPU
		{3B49B9EF-D873-4266-BD4A-16F078E7221A}.Release|Any CPU.Build.0 = Release|Any CPU
		{7E64322E-9B9B-48A6-9CB2-609CA66BC140}.Debug|Any CPU.ActiveCfg = Debug|Any CPU
		{7E64322E-9B9B-48A6-9CB2-609CA66BC140}.Debug|Any CPU.Build.0 = Debug|Any CPU
		{7E64322E-9B9B-48A6-9CB2-609CA66BC140}.Release|Any CPU.ActiveCfg = Release|Any CPU
		{7E64322E-9B9B-48A6-9CB2-609CA66BC140}.Release|Any CPU.Build.0 = Release|Any CPU
		{E9B5E704-A4F5-4F88-9202-CC9F32C21D1F}.Debug|Any CPU.ActiveCfg = Debug|Any CPU
		{E9B5E704-A4F5-4F88-9202-CC9F32C21D1F}.Debug|Any CPU.Build.0 = Debug|Any CPU
		{E9B5E704-A4F5-4F88-9202-CC9F32C21D1F}.Release|Any CPU.ActiveCfg = Release|Any CPU
		{E9B5E704-A4F5-4F88-9202-CC9F32C21D1F}.Release|Any CPU.Build.0 = Release|Any CPU
	EndGlobalSection
	GlobalSection(SolutionProperties) = preSolution
		HideSolutionNode = FALSE
	EndGlobalSection
	GlobalSection(ExtensibilityGlobals) = postSolution
		SolutionGuid = {E21F31A7-FAC7-4CDF-B525-8CD1E2114792}
	EndGlobalSection
EndGlobal
